
Microsoft Visual Studio Solution File, Format Version 12.00
# Visual Studio Version 17
VisualStudioVersion = 17.9.34728.123
MinimumVisualStudioVersion = 10.0.40219.1
Project("{FAE04EC0-301F-11D3-BF4B-00C04F79EFBC}") = "lab5.gitTest", "lab5.gitTest.csproj", "{2C2B4F1D-9CE6-4D13-8711-B8D2863656FE}"
EndProject
Global
	GlobalSection(SolutionConfigurationPlatforms) = preSolution
		Debug|Any CPU = Debug|Any CPU
		Release|Any CPU = Release|Any CPU
	EndGlobalSection
	GlobalSection(ProjectConfigurationPlatforms) = postSolution
		{2C2B4F1D-9CE6-4D13-8711-B8D2863656FE}.Debug|Any CPU.ActiveCfg = Debug|Any CPU
		{2C2B4F1D-9CE6-4D13-8711-B8D2863656FE}.Debug|Any CPU.Build.0 = Debug|Any CPU
		{2C2B4F1D-9CE6-4D13-8711-B8D2863656FE}.Release|Any CPU.ActiveCfg = Release|Any CPU
		{2C2B4F1D-9CE6-4D13-8711-B8D2863656FE}.Release|Any CPU.Build.0 = Release|Any CPU
	EndGlobalSection
	GlobalSection(SolutionProperties) = preSolution
		HideSolutionNode = FALSE
	EndGlobalSection
	GlobalSection(ExtensibilityGlobals) = postSolution
		SolutionGuid = {2A3F7479-2EEE-485D-9427-570111281713}
	EndGlobalSection
EndGlobal
